{
  "originHash" : "71a7391bfb81898a73f961ba903c1b1dedd4084ceeefbcecf33cfa8f3279c7e5",
  "pins" : [
    {
      "identity" : "flyingfox",
      "kind" : "remoteSourceControl",
      "location" : "https://github.com/swhitty/FlyingFox.git",
      "state" : {
        "revision" : "d06fd45653bcab9803af31d66440f552c9dd9c93",
        "version" : "0.27.0"
      }
    }
  ],
  "version" : 3
}
