// !$*UTF8*$!
{
	archiveVersion = 1;
	classes = {
	};
	objectVersion = 90;
	objects = {

/* Begin PBXBuildFile section */
		002FB768C5464B988B2E2060 /* ReceiverProtocol in Frameworks */ = {isa = PBXBuildFile; productRef = 14FCAEC8517949229BC114F1 /* ReceiverProtocol */; };
		07CD73CF83A640B395181666 /* ReceiverProtocol in Frameworks */ = {isa = PBXBuildFile; productRef = 150C4BAA3F034046820B020D /* ReceiverProtocol */; };
		2B5B92A5300670D700D5ED0F /* BlittieProjectorApp.swift in Sources */ = {isa = PBXBuildFile; fileRef = 2B5B92A4300670D700D5ED0F /* BlittieProjectorApp.swift */; };
		2B5B92BA300677CD00D5ED0F /* BlittieScreenApp.swift in Sources */ = {isa = PBXBuildFile; fileRef = 2B5B92B7300677CD00D5ED0F /* BlittieScreenApp.swift */; };
		2B5B92BB300677CD00D5ED0F /* SessionCoordinator.swift in Sources */ = {isa = PBXBuildFile; fileRef = 2B5B92B8300677CD00D5ED0F /* SessionCoordinator.swift */; };
		2B5B92BF3006785700D5ED0F /* SignalingCore in Frameworks */ = {isa = PBXBuildFile; productRef = 2B5B92BE3006785700D5ED0F /* SignalingCore */; };
		2B5B92C13006785D00D5ED0F /* SignalingCore in Frameworks */ = {isa = PBXBuildFile; productRef = 2B5B92C03006785D00D5ED0F /* SignalingCore */; };
		45F542A8B750879BF47F12F7 /* AppModel.swift in Sources */ = {isa = PBXBuildFile; fileRef = 6157A292C583943816A650AB /* AppModel.swift */; };
		5203E36DEE1941648FA1DC89 /* ReceiverSocketServer.swift in Sources */ = {isa = PBXBuildFile; fileRef = 234DF84B11AB4689B0CD45B5 /* ReceiverSocketServer.swift */; };
		596F56FEC2FA2585A3ACBCD7 /* ShareExtension.appex in Embed Foundation Extensions */ = {isa = PBXBuildFile; fileRef = 185A18189B2FFC38C9DB63D6 /* ShareExtension.appex */; settings = {ATTRIBUTES = (RemoveHeadersOnCopy, ); }; };
		D33DB8880DFC9BB689C917F2 /* ReceiverPickerSheet.swift in Sources */ = {isa = PBXBuildFile; fileRef = 58229F8B59205FC96EE7E00F /* ReceiverPickerSheet.swift */; };
		D70ADE5AEEE442ACA59062AC /* MirrorView.swift in Sources */ = {isa = PBXBuildFile; fileRef = 7B4438DD87E542F7A0308CAA /* MirrorView.swift */; };
		DC0EA3B097861F1D25B8F6D5 /* SendVideoView.swift in Sources */ = {isa = PBXBuildFile; fileRef = 0D513DC0E7371AF4E299E11E /* SendVideoView.swift */; };
		DE53EBEA3778028630E2DC75 /* Cocoa.framework in Frameworks */ = {isa = PBXBuildFile; fileRef = F4D977996B4B0EC65C2B18E7 /* Cocoa.framework */; };
		E2ADAC59C5474C67AF1E92B5 /* ReceiverProtocol in Frameworks */ = {isa = PBXBuildFile; productRef = B45281B0ECE244F59291649E /* ReceiverProtocol */; };
		E3913E28C4ADB43D07840131 /* ShareViewController.swift in Sources */ = {isa = PBXBuildFile; fileRef = 331751D0B0C900D7B0B4E665 /* ShareViewController.swift */; };
		F42514DAAD36F2C48A2CE8BD /* ContentView.swift in Sources */ = {isa = PBXBuildFile; fileRef = C13FA9C7122A2B0F821A2CE2 /* ContentView.swift */; };
/* End PBXBuildFile section */

/* Begin PBXContainerItemProxy section */
		4A25EB365767CB7E094E69E9 /* PBXContainerItemProxy */ = {
			isa = PBXContainerItemProxy;
			containerPortal = 000000000000000000000000 /* Project object */;
			proxyType = 1;
			remoteGlobalIDString = 5B657529A42016BB6CFC622A;
			remoteInfo = ShareExtension;
		};
/* End PBXContainerItemProxy section */

/* Begin PBXCopyFilesBuildPhase section */
		E86B532A2CE26F10C31B606A /* Embed Foundation Extensions */ = {
			isa = PBXCopyFilesBuildPhase;
			dstPath = "";
			dstSubfolder = PlugIns;
			files = (
				596F56FEC2FA2585A3ACBCD7 /* ShareExtension.appex in Embed Foundation Extensions */,
			);
			name = "Embed Foundation Extensions";
		};
/* End PBXCopyFilesBuildPhase section */

/* Begin PBXFileReference section */
		000000000000000000000120 /* BlittieProjector.app */ = {isa = PBXFileReference; explicitFileType = wrapper.application; includeInIndex = 0; path = BlittieProjector.app; sourceTree = BUILT_PRODUCTS_DIR; };
		0D513DC0E7371AF4E299E11E /* SendVideoView.swift */ = {isa = PBXFileReference; lastKnownFileType = sourcecode.swift; name = SendVideoView.swift; path = ../Sources/BlittieProjector/SendVideoView.swift; sourceTree = SOURCE_ROOT; };
		157DBD79BEF573B87048F847 /* Info.plist */ = {isa = PBXFileReference; includeInIndex = 1; lastKnownFileType = text.plist.xml; name = Info.plist; path = ShareExtension/Info.plist; sourceTree = SOURCE_ROOT; };
		185A18189B2FFC38C9DB63D6 /* ShareExtension.appex */ = {isa = PBXFileReference; explicitFileType = "wrapper.app-extension"; includeInIndex = 0; path = ShareExtension.appex; sourceTree = BUILT_PRODUCTS_DIR; };
		234DF84B11AB4689B0CD45B5 /* ReceiverSocketServer.swift */ = {isa = PBXFileReference; lastKnownFileType = sourcecode.swift; name = ReceiverSocketServer.swift; path = ../Sources/BlittieScreen/ReceiverSocketServer.swift; sourceTree = SOURCE_ROOT; };
		2B5B92A4300670D700D5ED0F /* BlittieProjectorApp.swift */ = {isa = PBXFileReference; lastKnownFileType = sourcecode.swift; name = BlittieProjectorApp.swift; path = ../Sources/BlittieProjector/BlittieProjectorApp.swift; sourceTree = SOURCE_ROOT; };
		2B5B92AB3006759200D5ED0F /* BlittieScreen.app */ = {isa = PBXFileReference; explicitFileType = wrapper.application; includeInIndex = 0; path = BlittieScreen.app; sourceTree = BUILT_PRODUCTS_DIR; };
		2B5B92B7300677CD00D5ED0F /* BlittieScreenApp.swift */ = {isa = PBXFileReference; lastKnownFileType = sourcecode.swift; name = BlittieScreenApp.swift; path = ../Sources/BlittieScreen/BlittieScreenApp.swift; sourceTree = SOURCE_ROOT; };
		2B5B92B8300677CD00D5ED0F /* SessionCoordinator.swift */ = {isa = PBXFileReference; lastKnownFileType = sourcecode.swift; name = SessionCoordinator.swift; path = ../Sources/BlittieScreen/SessionCoordinator.swift; sourceTree = SOURCE_ROOT; };
		331751D0B0C900D7B0B4E665 /* ShareViewController.swift */ = {isa = PBXFileReference; includeInIndex = 1; lastKnownFileType = sourcecode.swift; name = ShareViewController.swift; path = ../Sources/ShareExtension/ShareViewController.swift; sourceTree = SOURCE_ROOT; };
		58229F8B59205FC96EE7E00F /* ReceiverPickerSheet.swift */ = {isa = PBXFileReference; lastKnownFileType = sourcecode.swift; name = ReceiverPickerSheet.swift; path = ../Sources/BlittieProjector/ReceiverPickerSheet.swift; sourceTree = SOURCE_ROOT; };
		6157A292C583943816A650AB /* AppModel.swift */ = {isa = PBXFileReference; lastKnownFileType = sourcecode.swift; name = AppModel.swift; path = ../Sources/BlittieProjector/AppModel.swift; sourceTree = SOURCE_ROOT; };
		7B4438DD87E542F7A0308CAA /* MirrorView.swift */ = {isa = PBXFileReference; lastKnownFileType = sourcecode.swift; name = MirrorView.swift; path = ../Sources/BlittieProjector/MirrorView.swift; sourceTree = SOURCE_ROOT; };
		C13FA9C7122A2B0F821A2CE2 /* ContentView.swift */ = {isa = PBXFileReference; lastKnownFileType = sourcecode.swift; name = ContentView.swift; path = ../Sources/BlittieProjector/ContentView.swift; sourceTree = SOURCE_ROOT; };
		F4D977996B4B0EC65C2B18E7 /* Cocoa.framework */ = {isa = PBXFileReference; lastKnownFileType = wrapper.framework; name = Cocoa.framework; path = Platforms/MacOSX.platform/Developer/SDKs/MacOSX26.0.sdk/System/Library/Frameworks/Cocoa.framework; sourceTree = DEVELOPER_DIR; };
/* End PBXFileReference section */

/* Begin PBXFileSystemSynchronizedBuildFileExceptionSet section */
		2B055A6C3008121F00D25E0E /* Exceptions for "BlittieScreen" folder in "BlittieScreen" target */ = {
			isa = PBXFileSystemSynchronizedBuildFileExceptionSet;
			membershipExceptions = (
				Info.plist,
			);
			target = 2B5B92AA3006759200D5ED0F /* BlittieScreen */;
		};
		2B055A6D3008122200D25E0E /* Exceptions for "BlittieProjector" folder in "BlittieProjector" target */ = {
			isa = PBXFileSystemSynchronizedBuildFileExceptionSet;
			membershipExceptions = (
				Info.plist,
			);
			target = 000000000000000100000000 /* BlittieProjector */;
		};
/* End PBXFileSystemSynchronizedBuildFileExceptionSet section */

/* Begin PBXFileSystemSynchronizedRootGroup section */
		000000000000000000000010 /* BlittieProjector */ = {
			isa = PBXFileSystemSynchronizedRootGroup;
			exceptions = (
				2B055A6D3008122200D25E0E /* Exceptions for "BlittieProjector" folder in "BlittieProjector" target */,
			);
			path = BlittieProjector;
			sourceTree = "<group>";
		};
		2B5B92AC3006759200D5ED0F /* BlittieScreen */ = {
			isa = PBXFileSystemSynchronizedRootGroup;
			exceptions = (
				2B055A6C3008121F00D25E0E /* Exceptions for "BlittieScreen" folder in "BlittieScreen" target */,
			);
			path = BlittieScreen;
			sourceTree = "<group>";
		};
/* End PBXFileSystemSynchronizedRootGroup section */

/* Begin PBXFrameworksBuildPhase section */
		000000000000000130000000 /* Frameworks */ = {
			isa = PBXFrameworksBuildPhase;
			files = (
				2B5B92C13006785D00D5ED0F /* SignalingCore in Frameworks */,
				07CD73CF83A640B395181666 /* ReceiverProtocol in Frameworks */,
			);
		};
		2B5B92A83006759200D5ED0F /* Frameworks */ = {
			isa = PBXFrameworksBuildPhase;
			files = (
				2B5B92BF3006785700D5ED0F /* SignalingCore in Frameworks */,
				002FB768C5464B988B2E2060 /* ReceiverProtocol in Frameworks */,
			);
		};
		42C999E82CDBD48F854F5001 /* Frameworks */ = {
			isa = PBXFrameworksBuildPhase;
			files = (
				DE53EBEA3778028630E2DC75 /* Cocoa.framework in Frameworks */,
				E2ADAC59C5474C67AF1E92B5 /* ReceiverProtocol in Frameworks */,
			);
		};
/* End PBXFrameworksBuildPhase section */

/* Begin PBXGroup section */
		000000000000000000000001 = {
			isa = PBXGroup;
			children = (
				234DF84B11AB4689B0CD45B5 /* ReceiverSocketServer.swift */,
				2B5B92B7300677CD00D5ED0F /* BlittieScreenApp.swift */,
				2B5B92B8300677CD00D5ED0F /* SessionCoordinator.swift */,
				2B5B92A4300670D700D5ED0F /* BlittieProjectorApp.swift */,
				6157A292C583943816A650AB /* AppModel.swift */,
				C13FA9C7122A2B0F821A2CE2 /* ContentView.swift */,
				58229F8B59205FC96EE7E00F /* ReceiverPickerSheet.swift */,
				0D513DC0E7371AF4E299E11E /* SendVideoView.swift */,
				7B4438DD87E542F7A0308CAA /* MirrorView.swift */,
				000000000000000000000010 /* BlittieProjector */,
				2B5B92AC3006759200D5ED0F /* BlittieScreen */,
				2B5B92BD3006785700D5ED0F /* Frameworks */,
				000000000000000000000020 /* Products */,
				331751D0B0C900D7B0B4E665 /* ShareViewController.swift */,
				157DBD79BEF573B87048F847 /* Info.plist */,
			);
			sourceTree = "<group>";
		};
		000000000000000000000020 /* Products */ = {
			isa = PBXGroup;
			children = (
				000000000000000000000120 /* BlittieProjector.app */,
				2B5B92AB3006759200D5ED0F /* BlittieScreen.app */,
				185A18189B2FFC38C9DB63D6 /* ShareExtension.appex */,
			);
			name = Products;
			sourceTree = "<group>";
		};
		2B5B92BD3006785700D5ED0F /* Frameworks */ = {
			isa = PBXGroup;
			children = (
				8DF649AE1B9A825F35AB4551 /* OS X */,
			);
			name = Frameworks;
			sourceTree = "<group>";
		};
		8DF649AE1B9A825F35AB4551 /* OS X */ = {
			isa = PBXGroup;
			children = (
				F4D977996B4B0EC65C2B18E7 /* Cocoa.framework */,
			);
			name = "OS X";
			sourceTree = "<group>";
		};
/* End PBXGroup section */

/* Begin PBXNativeTarget section */
		000000000000000100000000 /* BlittieProjector */ = {
			isa = PBXNativeTarget;
			buildConfigurationList = 000000000000000110000000 /* Build configuration list for PBXNativeTarget "BlittieProjector" */;
			buildPhases = (
				000000000000000120000000 /* Sources */,
				000000000000000130000000 /* Frameworks */,
				000000000000000140000000 /* Resources */,
				E86B532A2CE26F10C31B606A /* Embed Foundation Extensions */,
			);
			buildRules = (
			);
			dependencies = (
				083FA34A32432F299AF199B4 /* PBXTargetDependency */,
			);
			fileSystemSynchronizedGroups = (
				000000000000000000000010 /* BlittieProjector */,
			);
			name = BlittieProjector;
			packageProductDependencies = (
				2B5B92C03006785D00D5ED0F /* SignalingCore */,
				150C4BAA3F034046820B020D /* ReceiverProtocol */,
			);
			productName = BlittieProjector;
			productReference = 000000000000000000000120 /* BlittieProjector.app */;
			productType = "com.apple.product-type.application";
		};
		2B5B92AA3006759200D5ED0F /* BlittieScreen */ = {
			isa = PBXNativeTarget;
			buildConfigurationList = 2B5B92B33006759300D5ED0F /* Build configuration list for PBXNativeTarget "BlittieScreen" */;
			buildPhases = (
				2B5B92A73006759200D5ED0F /* Sources */,
				2B5B92A83006759200D5ED0F /* Frameworks */,
				2B5B92A93006759200D5ED0F /* Resources */,
			);
			buildRules = (
			);
			fileSystemSynchronizedGroups = (
				2B5B92AC3006759200D5ED0F /* BlittieScreen */,
			);
			name = BlittieScreen;
			packageProductDependencies = (
				2B5B92BE3006785700D5ED0F /* SignalingCore */,
				14FCAEC8517949229BC114F1 /* ReceiverProtocol */,
			);
			productName = BlittieScreen;
			productReference = 2B5B92AB3006759200D5ED0F /* BlittieScreen.app */;
			productType = "com.apple.product-type.application";
		};
		5B657529A42016BB6CFC622A /* ShareExtension */ = {
			isa = PBXNativeTarget;
			buildConfigurationList = 9DA8E5046C742E8BF459DF6F /* Build configuration list for PBXNativeTarget "ShareExtension" */;
			buildPhases = (
				67C660C835ED9CA74B8B1D94 /* Sources */,
				42C999E82CDBD48F854F5001 /* Frameworks */,
				109BF2F979B6592F4337DC5B /* Resources */,
			);
			buildRules = (
			);
			name = ShareExtension;
			packageProductDependencies = (
				B45281B0ECE244F59291649E /* ReceiverProtocol */,
			);
			productName = ShareExtension;
			productReference = 185A18189B2FFC38C9DB63D6 /* ShareExtension.appex */;
			productType = "com.apple.product-type.app-extension";
		};
/* End PBXNativeTarget section */

/* Begin PBXProject section */
		000000000000000000000000 /* Project object */ = {
			isa = PBXProject;
			attributes = {
				BuildIndependentTargetsInParallel = 1;
				LastSwiftUpdateCheck = 2700;
				LastUpgradeCheck = 2700;
				TargetAttributes = {
					000000000000000100000000 = {
						CreatedOnToolsVersion = 26.3;
						LastSwiftMigration = 2700;
					};
					2B5B92AA3006759200D5ED0F = {
						CreatedOnToolsVersion = 27.0;
						LastSwiftMigration = 2700;
					};
				};
			};
			buildConfigurationList = 000000000000000010000000 /* Build configuration list for PBXProject "Blittie" */;
			developmentRegion = en;
			hasScannedForEncodings = 0;
			knownRegions = (
				en,
				Base,
			);
			mainGroup = 000000000000000000000001;
			minimizedProjectReferenceProxies = 1;
			packageReferences = (
				2B5B92BC3006783100D5ED0F /* XCLocalSwiftPackageReference "../../vga" */,
			);
			preferredProjectObjectVersion = 90;
			productRefGroup = 000000000000000000000020 /* Products */;
			projectDirPath = "";
			projectRoot = "";
			targets = (
				000000000000000100000000 /* BlittieProjector */,
				2B5B92AA3006759200D5ED0F /* BlittieScreen */,
				5B657529A42016BB6CFC622A /* ShareExtension */,
			);
		};
/* End PBXProject section */

/* Begin PBXResourcesBuildPhase section */
		000000000000000140000000 /* Resources */ = {
			isa = PBXResourcesBuildPhase;
			files = (
			);
		};
		109BF2F979B6592F4337DC5B /* Resources */ = {
			isa = PBXResourcesBuildPhase;
			files = (
			);
		};
		2B5B92A93006759200D5ED0F /* Resources */ = {
			isa = PBXResourcesBuildPhase;
			files = (
			);
		};
/* End PBXResourcesBuildPhase section */

/* Begin PBXSourcesBuildPhase section */
		000000000000000120000000 /* Sources */ = {
			isa = PBXSourcesBuildPhase;
			files = (
				2B5B92A5300670D700D5ED0F /* BlittieProjectorApp.swift in Sources */,
				45F542A8B750879BF47F12F7 /* AppModel.swift in Sources */,
				F42514DAAD36F2C48A2CE8BD /* ContentView.swift in Sources */,
				D33DB8880DFC9BB689C917F2 /* ReceiverPickerSheet.swift in Sources */,
				DC0EA3B097861F1D25B8F6D5 /* SendVideoView.swift in Sources */,
				D70ADE5AEEE442ACA59062AC /* MirrorView.swift in Sources */,
			);
		};
		2B5B92A73006759200D5ED0F /* Sources */ = {
			isa = PBXSourcesBuildPhase;
			files = (
				5203E36DEE1941648FA1DC89 /* ReceiverSocketServer.swift in Sources */,
				2B5B92BA300677CD00D5ED0F /* BlittieScreenApp.swift in Sources */,
				2B5B92BB300677CD00D5ED0F /* SessionCoordinator.swift in Sources */,
			);
		};
		67C660C835ED9CA74B8B1D94 /* Sources */ = {
			isa = PBXSourcesBuildPhase;
			files = (
				E3913E28C4ADB43D07840131 /* ShareViewController.swift in Sources */,
			);
		};
/* End PBXSourcesBuildPhase section */

/* Begin PBXTargetDependency section */
		083FA34A32432F299AF199B4 /* PBXTargetDependency */ = {
			isa = PBXTargetDependency;
			name = ShareExtension;
			target = 5B657529A42016BB6CFC622A /* ShareExtension */;
			targetProxy = 4A25EB365767CB7E094E69E9 /* PBXContainerItemProxy */;
		};
/* End PBXTargetDependency section */

/* Begin XCBuildConfiguration section */
		000000000000000011000000 /* Debug configuration for PBXProject "Blittie" */ = {
			isa = XCBuildConfiguration;
			buildSettings = {
				ALWAYS_SEARCH_USER_PATHS = NO;
				APPLETVOS_DEPLOYMENT_TARGET = 27.0;
				ASSETCATALOG_COMPILER_GENERATE_SWIFT_ASSET_SYMBOL_EXTENSIONS = YES;
				CLANG_ANALYZER_NONNULL = YES;
				CLANG_ANALYZER_NUMBER_OBJECT_CONVERSION = YES_AGGRESSIVE;
				CLANG_CXX_LANGUAGE_STANDARD = "gnu++20";
				CLANG_ENABLE_MODULES = YES;
				CLANG_ENABLE_OBJC_ARC = YES;
				CLANG_ENABLE_OBJC_WEAK = YES;
				CLANG_WARN_BLOCK_CAPTURE_AUTORELEASING = YES;
				CLANG_WARN_BOOL_CONVERSION = YES;
				CLANG_WARN_COMMA = YES;
				CLANG_WARN_CONSTANT_CONVERSION = YES;
				CLANG_WARN_DEPRECATED_OBJC_IMPLEMENTATIONS = YES;
				CLANG_WARN_DIRECT_OBJC_ISA_USAGE = YES_ERROR;
				CLANG_WARN_DOCUMENTATION_COMMENTS = YES;
				CLANG_WARN_EMPTY_BODY = YES;
				CLANG_WARN_ENUM_CONVERSION = YES;
				CLANG_WARN_INFINITE_RECURSION = YES;
				CLANG_WARN_INT_CONVERSION = YES;
				CLANG_WARN_NON_LITERAL_NULL_CONVERSION = YES;
				CLANG_WARN_OBJC_IMPLICIT_RETAIN_SELF = YES;
				CLANG_WARN_OBJC_LITERAL_CONVERSION = YES;
				CLANG_WARN_OBJC_ROOT_CLASS = YES_ERROR;
				CLANG_WARN_QUOTED_INCLUDE_IN_FRAMEWORK_HEADER = YES;
				CLANG_WARN_RANGE_LOOP_ANALYSIS = YES;
				CLANG_WARN_STRICT_PROTOTYPES = YES;
				CLANG_WARN_SUSPICIOUS_MOVE = YES;
				CLANG_WARN_UNGUARDED_AVAILABILITY = YES_AGGRESSIVE;
				CLANG_WARN_UNREACHABLE_CODE = YES;
				CLANG_WARN__DUPLICATE_METHOD_MATCH = YES;
				COPY_PHASE_STRIP = NO;
				DEAD_CODE_STRIPPING = YES;
				DEBUG_INFORMATION_FORMAT = dwarf;
				DRIVERKIT_DEPLOYMENT_TARGET = 27.0;
				ENABLE_STRICT_OBJC_MSGSEND = YES;
				ENABLE_TESTABILITY = YES;
				ENABLE_USER_SCRIPT_SANDBOXING = YES;
				GCC_C_LANGUAGE_STANDARD = gnu17;
				GCC_DYNAMIC_NO_PIC = NO;
				GCC_NO_COMMON_BLOCKS = YES;
				GCC_OPTIMIZATION_LEVEL = 0;
				GCC_PREPROCESSOR_DEFINITIONS = (
					"DEBUG=1",
					"$(inherited)",
				);
				GCC_WARN_64_TO_32_BIT_CONVERSION = YES;
				GCC_WARN_ABOUT_RETURN_TYPE = YES_ERROR;
				GCC_WARN_UNDECLARED_SELECTOR = YES;
				GCC_WARN_UNINITIALIZED_AUTOS = YES_AGGRESSIVE;
				GCC_WARN_UNUSED_FUNCTION = YES;
				GCC_WARN_UNUSED_VARIABLE = YES;
				IPHONEOS_DEPLOYMENT_TARGET = 27.0;
				LOCALIZATION_PREFERS_STRING_CATALOGS = YES;
				MACOSX_DEPLOYMENT_TARGET = 27.0;
				MTL_ENABLE_DEBUG_INFO = INCLUDE_SOURCE;
				MTL_FAST_MATH = YES;
				ONLY_ACTIVE_ARCH = YES;
				PROJECT_UNIQUE_VALUE = MLLI8UWW;
				STRING_CATALOG_GENERATE_SYMBOLS = YES;
				SWIFT_ACTIVE_COMPILATION_CONDITIONS = "DEBUG $(inherited)";
				SWIFT_OPTIMIZATION_LEVEL = "-Onone";
				WATCHOS_DEPLOYMENT_TARGET = 27.0;
				XROS_DEPLOYMENT_TARGET = 27.0;
			};
			name = Debug;
		};
		000000000000000012000000 /* Release configuration for PBXProject "Blittie" */ = {
			isa = XCBuildConfiguration;
			buildSettings = {
				ALWAYS_SEARCH_USER_PATHS = NO;
				APPLETVOS_DEPLOYMENT_TARGET = 27.0;
				ASSETCATALOG_COMPILER_GENERATE_SWIFT_ASSET_SYMBOL_EXTENSIONS = YES;
				CLANG_ANALYZER_NONNULL = YES;
				CLANG_ANALYZER_NUMBER_OBJECT_CONVERSION = YES_AGGRESSIVE;
				CLANG_CXX_LANGUAGE_STANDARD = "gnu++20";
				CLANG_ENABLE_MODULES = YES;
				CLANG_ENABLE_OBJC_ARC = YES;
				CLANG_ENABLE_OBJC_WEAK = YES;
				CLANG_WARN_BLOCK_CAPTURE_AUTORELEASING = YES;
				CLANG_WARN_BOOL_CONVERSION = YES;
				CLANG_WARN_COMMA = YES;
				CLANG_WARN_CONSTANT_CONVERSION = YES;
				CLANG_WARN_DEPRECATED_OBJC_IMPLEMENTATIONS = YES;
				CLANG_WARN_DIRECT_OBJC_ISA_USAGE = YES_ERROR;
				CLANG_WARN_DOCUMENTATION_COMMENTS = YES;
				CLANG_WARN_EMPTY_BODY = YES;
				CLANG_WARN_ENUM_CONVERSION = YES;
				CLANG_WARN_INFINITE_RECURSION = YES;
				CLANG_WARN_INT_CONVERSION = YES;
				CLANG_WARN_NON_LITERAL_NULL_CONVERSION = YES;
				CLANG_WARN_OBJC_IMPLICIT_RETAIN_SELF = YES;
				CLANG_WARN_OBJC_LITERAL_CONVERSION = YES;
				CLANG_WARN_OBJC_ROOT_CLASS = YES_ERROR;
				CLANG_WARN_QUOTED_INCLUDE_IN_FRAMEWORK_HEADER = YES;
				CLANG_WARN_RANGE_LOOP_ANALYSIS = YES;
				CLANG_WARN_STRICT_PROTOTYPES = YES;
				CLANG_WARN_SUSPICIOUS_MOVE = YES;
				CLANG_WARN_UNGUARDED_AVAILABILITY = YES_AGGRESSIVE;
				CLANG_WARN_UNREACHABLE_CODE = YES;
				CLANG_WARN__DUPLICATE_METHOD_MATCH = YES;
				COPY_PHASE_STRIP = NO;
				DEAD_CODE_STRIPPING = YES;
				DEBUG_INFORMATION_FORMAT = "dwarf-with-dsym";
				DRIVERKIT_DEPLOYMENT_TARGET = 27.0;
				ENABLE_NS_ASSERTIONS = NO;
				ENABLE_STRICT_OBJC_MSGSEND = YES;
				ENABLE_USER_SCRIPT_SANDBOXING = YES;
				GCC_C_LANGUAGE_STANDARD = gnu17;
				GCC_NO_COMMON_BLOCKS = YES;
				GCC_WARN_64_TO_32_BIT_CONVERSION = YES;
				GCC_WARN_ABOUT_RETURN_TYPE = YES_ERROR;
				GCC_WARN_UNDECLARED_SELECTOR = YES;
				GCC_WARN_UNINITIALIZED_AUTOS = YES_AGGRESSIVE;
				GCC_WARN_UNUSED_FUNCTION = YES;
				GCC_WARN_UNUSED_VARIABLE = YES;
				IPHONEOS_DEPLOYMENT_TARGET = 27.0;
				LOCALIZATION_PREFERS_STRING_CATALOGS = YES;
				MACOSX_DEPLOYMENT_TARGET = 27.0;
				MTL_ENABLE_DEBUG_INFO = NO;
				MTL_FAST_MATH = YES;
				PROJECT_UNIQUE_VALUE = MLLI8UWW;
				STRING_CATALOG_GENERATE_SYMBOLS = YES;
				SWIFT_COMPILATION_MODE = wholemodule;
				WATCHOS_DEPLOYMENT_TARGET = 27.0;
				XROS_DEPLOYMENT_TARGET = 27.0;
			};
			name = Release;
		};
		000000000000000111000000 /* Debug configuration for PBXNativeTarget "BlittieProjector" */ = {
			isa = XCBuildConfiguration;
			buildSettings = {
				ASSETCATALOG_COMPILER_APPICON_NAME = AppIcon;
				CLANG_ENABLE_MODULES = YES;
				"CODE_SIGN_IDENTITY[sdk=macosx*]" = "Apple Development";
				CODE_SIGN_STYLE = Automatic;
				CURRENT_PROJECT_VERSION = 1;
				DEVELOPMENT_TEAM = 5D7367Q3PH;
				ENABLE_APP_SANDBOX = YES;
				ENABLE_INCOMING_NETWORK_CONNECTIONS = NO;
				ENABLE_OUTGOING_NETWORK_CONNECTIONS = YES;
				ENABLE_PREVIEWS = YES;
				ENABLE_RESOURCE_ACCESS_AUDIO_INPUT = NO;
				ENABLE_RESOURCE_ACCESS_BLUETOOTH = NO;
				ENABLE_RESOURCE_ACCESS_CALENDARS = NO;
				ENABLE_RESOURCE_ACCESS_CAMERA = NO;
				ENABLE_RESOURCE_ACCESS_CONTACTS = NO;
				ENABLE_RESOURCE_ACCESS_LOCATION = NO;
				ENABLE_RESOURCE_ACCESS_PRINTING = NO;
				ENABLE_RESOURCE_ACCESS_USB = NO;
				GENERATE_INFOPLIST_FILE = NO;
				INFOPLIST_FILE = BlittieProjector/Info.plist;
				LD_RUNPATH_SEARCH_PATHS = "@executable_path/Frameworks";
				"LD_RUNPATH_SEARCH_PATHS[sdk=macosx*]" = "@executable_path/../Frameworks";
				MACOSX_DEPLOYMENT_TARGET = 15.0;
				MARKETING_VERSION = 1.0;
				PRODUCT_BUNDLE_IDENTIFIER = com.wesleymoy.BlittieProjector;
				PRODUCT_NAME = "$(TARGET_NAME)";
				REGISTER_APP_GROUPS = YES;
				SDKROOT = auto;
				STRING_CATALOG_GENERATE_SYMBOLS = YES;
				SUPPORTED_PLATFORMS = macosx;
				SUPPORTS_MACCATALYST = NO;
				SWIFT_APPROACHABLE_CONCURRENCY = YES;
				SWIFT_DEFAULT_ACTOR_ISOLATION = MainActor;
				SWIFT_EMIT_LOC_STRINGS = YES;
				SWIFT_OPTIMIZATION_LEVEL = "-Onone";
				SWIFT_UPCOMING_FEATURE_MEMBER_IMPORT_VISIBILITY = YES;
				SWIFT_VERSION = 5.0;
			};
			name = Debug;
		};
		000000000000000112000000 /* Release configuration for PBXNativeTarget "BlittieProjector" */ = {
			isa = XCBuildConfiguration;
			buildSettings = {
				ASSETCATALOG_COMPILER_APPICON_NAME = AppIcon;
				CLANG_ENABLE_MODULES = YES;
				"CODE_SIGN_IDENTITY[sdk=macosx*]" = "Apple Development";
				CODE_SIGN_STYLE = Automatic;
				CURRENT_PROJECT_VERSION = 1;
				DEVELOPMENT_TEAM = 5D7367Q3PH;
				ENABLE_APP_SANDBOX = YES;
				ENABLE_INCOMING_NETWORK_CONNECTIONS = NO;
				ENABLE_OUTGOING_NETWORK_CONNECTIONS = YES;
				ENABLE_PREVIEWS = YES;
				ENABLE_RESOURCE_ACCESS_AUDIO_INPUT = NO;
				ENABLE_RESOURCE_ACCESS_BLUETOOTH = NO;
				ENABLE_RESOURCE_ACCESS_CALENDARS = NO;
				ENABLE_RESOURCE_ACCESS_CAMERA = NO;
				ENABLE_RESOURCE_ACCESS_CONTACTS = NO;
				ENABLE_RESOURCE_ACCESS_LOCATION = NO;
				ENABLE_RESOURCE_ACCESS_PRINTING = NO;
				ENABLE_RESOURCE_ACCESS_USB = NO;
				GENERATE_INFOPLIST_FILE = NO;
				INFOPLIST_FILE = BlittieProjector/Info.plist;
				LD_RUNPATH_SEARCH_PATHS = "@executable_path/Frameworks";
				"LD_RUNPATH_SEARCH_PATHS[sdk=macosx*]" = "@executable_path/../Frameworks";
				MACOSX_DEPLOYMENT_TARGET = 15.0;
				MARKETING_VERSION = 1.0;
				PRODUCT_BUNDLE_IDENTIFIER = com.wesleymoy.BlittieProjector;
				PRODUCT_NAME = "$(TARGET_NAME)";
				REGISTER_APP_GROUPS = YES;
				SDKROOT = auto;
				STRING_CATALOG_GENERATE_SYMBOLS = YES;
				SUPPORTED_PLATFORMS = macosx;
				SUPPORTS_MACCATALYST = NO;
				SWIFT_APPROACHABLE_CONCURRENCY = YES;
				SWIFT_DEFAULT_ACTOR_ISOLATION = MainActor;
				SWIFT_EMIT_LOC_STRINGS = YES;
				SWIFT_UPCOMING_FEATURE_MEMBER_IMPORT_VISIBILITY = YES;
				SWIFT_VERSION = 5.0;
			};
			name = Release;
		};
		2B5B92B43006759300D5ED0F /* Debug configuration for PBXNativeTarget "BlittieScreen" */ = {
			isa = XCBuildConfiguration;
			buildSettings = {
				ASSETCATALOG_COMPILER_APPICON_NAME = AppIcon;
				ASSETCATALOG_COMPILER_GLOBAL_ACCENT_COLOR_NAME = AccentColor;
				AUTOMATION_APPLE_EVENTS = NO;
				CLANG_ENABLE_MODULES = YES;
				"CODE_SIGN_IDENTITY[sdk=macosx*]" = "Apple Development";
				CODE_SIGN_STYLE = Automatic;
				COMBINE_HIDPI_IMAGES = YES;
				CURRENT_PROJECT_VERSION = 1;
				DEVELOPMENT_TEAM = 5D7367Q3PH;
				ENABLE_APP_SANDBOX = YES;
				ENABLE_HARDENED_RUNTIME = NO;
				ENABLE_INCOMING_NETWORK_CONNECTIONS = YES;
				ENABLE_OUTGOING_NETWORK_CONNECTIONS = YES;
				ENABLE_PREVIEWS = YES;
				ENABLE_RESOURCE_ACCESS_AUDIO_INPUT = NO;
				ENABLE_RESOURCE_ACCESS_BLUETOOTH = NO;
				ENABLE_RESOURCE_ACCESS_CALENDARS = NO;
				ENABLE_RESOURCE_ACCESS_CAMERA = NO;
				ENABLE_RESOURCE_ACCESS_CONTACTS = NO;
				ENABLE_RESOURCE_ACCESS_LOCATION = NO;
				ENABLE_RESOURCE_ACCESS_PHOTO_LIBRARY = NO;
				ENABLE_RESOURCE_ACCESS_PRINTING = NO;
				ENABLE_RESOURCE_ACCESS_USB = NO;
				GENERATE_INFOPLIST_FILE = NO;
				INFOPLIST_FILE = BlittieScreen/Info.plist;
				LD_RUNPATH_SEARCH_PATHS = (
					"$(inherited)",
					"@executable_path/../Frameworks",
				);
				MACOSX_DEPLOYMENT_TARGET = 15.0;
				MARKETING_VERSION = 1.0;
				PRODUCT_BUNDLE_IDENTIFIER = com.wesleymoy.BlittieScreen;
				PRODUCT_NAME = "$(TARGET_NAME)";
				REGISTER_APP_GROUPS = YES;
				RUNTIME_EXCEPTION_ALLOW_DYLD_ENVIRONMENT_VARIABLES = NO;
				RUNTIME_EXCEPTION_ALLOW_JIT = NO;
				RUNTIME_EXCEPTION_ALLOW_UNSIGNED_EXECUTABLE_MEMORY = NO;
				RUNTIME_EXCEPTION_DEBUGGING_TOOL = NO;
				RUNTIME_EXCEPTION_DISABLE_EXECUTABLE_PAGE_PROTECTION = NO;
				RUNTIME_EXCEPTION_DISABLE_LIBRARY_VALIDATION = NO;
				SDKROOT = macosx;
				STRING_CATALOG_GENERATE_SYMBOLS = YES;
				SWIFT_APPROACHABLE_CONCURRENCY = YES;
				SWIFT_DEFAULT_ACTOR_ISOLATION = MainActor;
				SWIFT_EMIT_LOC_STRINGS = YES;
				SWIFT_OPTIMIZATION_LEVEL = "-Onone";
				SWIFT_UPCOMING_FEATURE_MEMBER_IMPORT_VISIBILITY = YES;
				SWIFT_VERSION = 5.0;
			};
			name = Debug;
		};
		2B5B92B53006759300D5ED0F /* Release configuration for PBXNativeTarget "BlittieScreen" */ = {
			isa = XCBuildConfiguration;
			buildSettings = {
				ASSETCATALOG_COMPILER_APPICON_NAME = AppIcon;
				ASSETCATALOG_COMPILER_GLOBAL_ACCENT_COLOR_NAME = AccentColor;
				AUTOMATION_APPLE_EVENTS = NO;
				CLANG_ENABLE_MODULES = YES;
				"CODE_SIGN_IDENTITY[sdk=macosx*]" = "Apple Development";
				CODE_SIGN_STYLE = Automatic;
				COMBINE_HIDPI_IMAGES = YES;
				CURRENT_PROJECT_VERSION = 1;
				DEVELOPMENT_TEAM = 5D7367Q3PH;
				ENABLE_APP_SANDBOX = YES;
				ENABLE_HARDENED_RUNTIME = NO;
				ENABLE_INCOMING_NETWORK_CONNECTIONS = YES;
				ENABLE_OUTGOING_NETWORK_CONNECTIONS = YES;
				ENABLE_PREVIEWS = YES;
				ENABLE_RESOURCE_ACCESS_AUDIO_INPUT = NO;
				ENABLE_RESOURCE_ACCESS_BLUETOOTH = NO;
				ENABLE_RESOURCE_ACCESS_CALENDARS = NO;
				ENABLE_RESOURCE_ACCESS_CAMERA = NO;
				ENABLE_RESOURCE_ACCESS_CONTACTS = NO;
				ENABLE_RESOURCE_ACCESS_LOCATION = NO;
				ENABLE_RESOURCE_ACCESS_PHOTO_LIBRARY = NO;
				ENABLE_RESOURCE_ACCESS_PRINTING = NO;
				ENABLE_RESOURCE_ACCESS_USB = NO;
				GENERATE_INFOPLIST_FILE = NO;
				INFOPLIST_FILE = BlittieScreen/Info.plist;
				LD_RUNPATH_SEARCH_PATHS = (
					"$(inherited)",
					"@executable_path/../Frameworks",
				);
				MACOSX_DEPLOYMENT_TARGET = 15.0;
				MARKETING_VERSION = 1.0;
				PRODUCT_BUNDLE_IDENTIFIER = com.wesleymoy.BlittieScreen;
				PRODUCT_NAME = "$(TARGET_NAME)";
				REGISTER_APP_GROUPS = YES;
				RUNTIME_EXCEPTION_ALLOW_DYLD_ENVIRONMENT_VARIABLES = NO;
				RUNTIME_EXCEPTION_ALLOW_JIT = NO;
				RUNTIME_EXCEPTION_ALLOW_UNSIGNED_EXECUTABLE_MEMORY = NO;
				RUNTIME_EXCEPTION_DEBUGGING_TOOL = NO;
				RUNTIME_EXCEPTION_DISABLE_EXECUTABLE_PAGE_PROTECTION = NO;
				RUNTIME_EXCEPTION_DISABLE_LIBRARY_VALIDATION = NO;
				SDKROOT = macosx;
				STRING_CATALOG_GENERATE_SYMBOLS = YES;
				SWIFT_APPROACHABLE_CONCURRENCY = YES;
				SWIFT_DEFAULT_ACTOR_ISOLATION = MainActor;
				SWIFT_EMIT_LOC_STRINGS = YES;
				SWIFT_UPCOMING_FEATURE_MEMBER_IMPORT_VISIBILITY = YES;
				SWIFT_VERSION = 5.0;
			};
			name = Release;
		};
		4389DB273CC8BEC04819D21D /* Release configuration for PBXNativeTarget "ShareExtension" */ = {
			isa = XCBuildConfiguration;
			buildSettings = {
				CLANG_ENABLE_MODULES = YES;
				"CODE_SIGN_IDENTITY[sdk=macosx*]" = "Apple Development";
				CODE_SIGN_STYLE = Automatic;
				CURRENT_PROJECT_VERSION = 1;
				DEVELOPMENT_TEAM = 5D7367Q3PH;
				ENABLE_APP_SANDBOX = YES;
				ENABLE_INCOMING_NETWORK_CONNECTIONS = NO;
				ENABLE_OUTGOING_NETWORK_CONNECTIONS = YES;
				ENABLE_RESOURCE_ACCESS_AUDIO_INPUT = NO;
				ENABLE_RESOURCE_ACCESS_BLUETOOTH = NO;
				ENABLE_RESOURCE_ACCESS_CALENDARS = NO;
				ENABLE_RESOURCE_ACCESS_CAMERA = NO;
				ENABLE_RESOURCE_ACCESS_CONTACTS = NO;
				ENABLE_RESOURCE_ACCESS_LOCATION = NO;
				ENABLE_RESOURCE_ACCESS_PRINTING = NO;
				ENABLE_RESOURCE_ACCESS_USB = NO;
				GENERATE_INFOPLIST_FILE = NO;
				INFOPLIST_FILE = ShareExtension/Info.plist;
				LD_RUNPATH_SEARCH_PATHS = (
					"$(inherited)",
					"@executable_path/../Frameworks",
					"@executable_path/../../../../Frameworks",
				);
				MACOSX_DEPLOYMENT_TARGET = 15.0;
				MARKETING_VERSION = 1.0;
				PRODUCT_BUNDLE_IDENTIFIER = com.wesleymoy.BlittieProjector.ShareExtension;
				PRODUCT_NAME = "$(TARGET_NAME)";
				SDKROOT = macosx;
				SKIP_INSTALL = YES;
				SUPPORTED_PLATFORMS = macosx;
				SUPPORTS_MACCATALYST = NO;
				SWIFT_APPROACHABLE_CONCURRENCY = YES;
				SWIFT_DEFAULT_ACTOR_ISOLATION = MainActor;
				SWIFT_EMIT_LOC_STRINGS = YES;
				SWIFT_UPCOMING_FEATURE_MEMBER_IMPORT_VISIBILITY = YES;
				SWIFT_VERSION = 5.0;
			};
			name = Release;
		};
		FB2E0F6B08EB0B380D6F4B13 /* Debug configuration for PBXNativeTarget "ShareExtension" */ = {
			isa = XCBuildConfiguration;
			buildSettings = {
				CLANG_ENABLE_MODULES = YES;
				"CODE_SIGN_IDENTITY[sdk=macosx*]" = "Apple Development";
				CODE_SIGN_STYLE = Automatic;
				CURRENT_PROJECT_VERSION = 1;
				DEVELOPMENT_TEAM = 5D7367Q3PH;
				ENABLE_APP_SANDBOX = YES;
				ENABLE_INCOMING_NETWORK_CONNECTIONS = NO;
				ENABLE_OUTGOING_NETWORK_CONNECTIONS = YES;
				ENABLE_RESOURCE_ACCESS_AUDIO_INPUT = NO;
				ENABLE_RESOURCE_ACCESS_BLUETOOTH = NO;
				ENABLE_RESOURCE_ACCESS_CALENDARS = NO;
				ENABLE_RESOURCE_ACCESS_CAMERA = NO;
				ENABLE_RESOURCE_ACCESS_CONTACTS = NO;
				ENABLE_RESOURCE_ACCESS_LOCATION = NO;
				ENABLE_RESOURCE_ACCESS_PRINTING = NO;
				ENABLE_RESOURCE_ACCESS_USB = NO;
				GENERATE_INFOPLIST_FILE = NO;
				INFOPLIST_FILE = ShareExtension/Info.plist;
				LD_RUNPATH_SEARCH_PATHS = (
					"$(inherited)",
					"@executable_path/../Frameworks",
					"@executable_path/../../../../Frameworks",
				);
				MACOSX_DEPLOYMENT_TARGET = 15.0;
				MARKETING_VERSION = 1.0;
				PRODUCT_BUNDLE_IDENTIFIER = com.wesleymoy.BlittieProjector.ShareExtension;
				PRODUCT_NAME = "$(TARGET_NAME)";
				SDKROOT = macosx;
				SKIP_INSTALL = YES;
				SUPPORTED_PLATFORMS = macosx;
				SUPPORTS_MACCATALYST = NO;
				SWIFT_APPROACHABLE_CONCURRENCY = YES;
				SWIFT_DEFAULT_ACTOR_ISOLATION = MainActor;
				SWIFT_EMIT_LOC_STRINGS = YES;
				SWIFT_UPCOMING_FEATURE_MEMBER_IMPORT_VISIBILITY = YES;
				SWIFT_VERSION = 5.0;
			};
			name = Debug;
		};
/* End XCBuildConfiguration section */

/* Begin XCConfigurationList section */
		000000000000000010000000 /* Build configuration list for PBXProject "Blittie" */ = {
			isa = XCConfigurationList;
			buildConfigurations = (
				000000000000000011000000 /* Debug configuration for PBXProject "Blittie" */,
				000000000000000012000000 /* Release configuration for PBXProject "Blittie" */,
			);
			defaultConfigurationName = Release;
		};
		000000000000000110000000 /* Build configuration list for PBXNativeTarget "BlittieProjector" */ = {
			isa = XCConfigurationList;
			buildConfigurations = (
				000000000000000111000000 /* Debug configuration for PBXNativeTarget "BlittieProjector" */,
				000000000000000112000000 /* Release configuration for PBXNativeTarget "BlittieProjector" */,
			);
			defaultConfigurationName = Release;
		};
		2B5B92B33006759300D5ED0F /* Build configuration list for PBXNativeTarget "BlittieScreen" */ = {
			isa = XCConfigurationList;
			buildConfigurations = (
				2B5B92B43006759300D5ED0F /* Debug configuration for PBXNativeTarget "BlittieScreen" */,
				2B5B92B53006759300D5ED0F /* Release configuration for PBXNativeTarget "BlittieScreen" */,
			);
			defaultConfigurationName = Release;
		};
		9DA8E5046C742E8BF459DF6F /* Build configuration list for PBXNativeTarget "ShareExtension" */ = {
			isa = XCConfigurationList;
			buildConfigurations = (
				FB2E0F6B08EB0B380D6F4B13 /* Debug configuration for PBXNativeTarget "ShareExtension" */,
				4389DB273CC8BEC04819D21D /* Release configuration for PBXNativeTarget "ShareExtension" */,
			);
			defaultConfigurationName = Release;
		};
/* End XCConfigurationList section */

/* Begin XCLocalSwiftPackageReference section */
		2B5B92BC3006783100D5ED0F /* XCLocalSwiftPackageReference "../../vga" */ = {
			isa = XCLocalSwiftPackageReference;
			relativePath = ../../vga;
		};
/* End XCLocalSwiftPackageReference section */

/* Begin XCSwiftPackageProductDependency section */
		14FCAEC8517949229BC114F1 /* ReceiverProtocol */ = {
			isa = XCSwiftPackageProductDependency;
			package = 2B5B92BC3006783100D5ED0F /* XCLocalSwiftPackageReference "../../vga" */;
			productName = ReceiverProtocol;
		};
		150C4BAA3F034046820B020D /* ReceiverProtocol */ = {
			isa = XCSwiftPackageProductDependency;
			package = 2B5B92BC3006783100D5ED0F /* XCLocalSwiftPackageReference "../../vga" */;
			productName = ReceiverProtocol;
		};
		2B5B92BE3006785700D5ED0F /* SignalingCore */ = {
			isa = XCSwiftPackageProductDependency;
			package = 2B5B92BC3006783100D5ED0F /* XCLocalSwiftPackageReference "../../vga" */;
			productName = SignalingCore;
		};
		2B5B92C03006785D00D5ED0F /* SignalingCore */ = {
			isa = XCSwiftPackageProductDependency;
			package = 2B5B92BC3006783100D5ED0F /* XCLocalSwiftPackageReference "../../vga" */;
			productName = SignalingCore;
		};
		B45281B0ECE244F59291649E /* ReceiverProtocol */ = {
			isa = XCSwiftPackageProductDependency;
			package = 2B5B92BC3006783100D5ED0F /* XCLocalSwiftPackageReference "../../vga" */;
			productName = ReceiverProtocol;
		};
/* End XCSwiftPackageProductDependency section */
	};
	rootObject = 000000000000000000000000 /* Project object */;
}
