// !$*UTF8*$!
{
	archiveVersion = 1;
	classes = {
	};
	objectVersion = 90;
	objects = {

/* Begin PBXBuildFile section */
		2B5B92A5300670D700D5ED0F /* SenderApp.swift in Sources */ = {isa = PBXBuildFile; fileRef = 2B5B92A4300670D700D5ED0F /* SenderApp.swift */; };
		2B5B92B9300677CD00D5ED0F /* ControlServer.swift in Sources */ = {isa = PBXBuildFile; fileRef = 2B5B92B6300677CD00D5ED0F /* ControlServer.swift */; };
		2B5B92BA300677CD00D5ED0F /* ReceiverApp.swift in Sources */ = {isa = PBXBuildFile; fileRef = 2B5B92B7300677CD00D5ED0F /* ReceiverApp.swift */; };
		2B5B92BB300677CD00D5ED0F /* SessionCoordinator.swift in Sources */ = {isa = PBXBuildFile; fileRef = 2B5B92B8300677CD00D5ED0F /* SessionCoordinator.swift */; };
		2B5B92BF3006785700D5ED0F /* SignalingCore in Frameworks */ = {isa = PBXBuildFile; productRef = 2B5B92BE3006785700D5ED0F /* SignalingCore */; };
		2B5B92C13006785D00D5ED0F /* SignalingCore in Frameworks */ = {isa = PBXBuildFile; productRef = 2B5B92C03006785D00D5ED0F /* SignalingCore */; };
		2B5B92C4300678F400D5ED0F /* FlyingFox in Frameworks */ = {isa = PBXBuildFile; productRef = 2B5B92C3300678F400D5ED0F /* FlyingFox */; };
/* End PBXBuildFile section */

/* Begin PBXFileReference section */
		000000000000000000000120 /* Sender.app */ = {isa = PBXFileReference; explicitFileType = wrapper.application; includeInIndex = 0; path = Sender.app; sourceTree = BUILT_PRODUCTS_DIR; };
		2B5B92A4300670D700D5ED0F /* SenderApp.swift */ = {isa = PBXFileReference; lastKnownFileType = sourcecode.swift; name = SenderApp.swift; path = ../Sources/Sender/SenderApp.swift; sourceTree = SOURCE_ROOT; };
		2B5B92AB3006759200D5ED0F /* Receiver.app */ = {isa = PBXFileReference; explicitFileType = wrapper.application; includeInIndex = 0; path = Receiver.app; sourceTree = BUILT_PRODUCTS_DIR; };
		2B5B92B6300677CD00D5ED0F /* ControlServer.swift */ = {isa = PBXFileReference; lastKnownFileType = sourcecode.swift; name = ControlServer.swift; path = ../Sources/Receiver/ControlServer.swift; sourceTree = SOURCE_ROOT; };
		2B5B92B7300677CD00D5ED0F /* ReceiverApp.swift */ = {isa = PBXFileReference; lastKnownFileType = sourcecode.swift; name = ReceiverApp.swift; path = ../Sources/Receiver/ReceiverApp.swift; sourceTree = SOURCE_ROOT; };
		2B5B92B8300677CD00D5ED0F /* SessionCoordinator.swift */ = {isa = PBXFileReference; lastKnownFileType = sourcecode.swift; name = SessionCoordinator.swift; path = ../Sources/Receiver/SessionCoordinator.swift; sourceTree = SOURCE_ROOT; };
/* End PBXFileReference section */

/* Begin PBXFileSystemSynchronizedRootGroup section */
		000000000000000000000010 /* VGA */ = {
			isa = PBXFileSystemSynchronizedRootGroup;
			path = VGA;
			sourceTree = "<group>";
		};
		2B5B92AC3006759200D5ED0F /* Receiver */ = {
			isa = PBXFileSystemSynchronizedRootGroup;
			path = Receiver;
			sourceTree = "<group>";
		};
/* End PBXFileSystemSynchronizedRootGroup section */

/* Begin PBXFrameworksBuildPhase section */
		000000000000000130000000 /* Frameworks */ = {
			isa = PBXFrameworksBuildPhase;
			files = (
				2B5B92C13006785D00D5ED0F /* SignalingCore in Frameworks */,
			);
		};
		2B5B92A83006759200D5ED0F /* Frameworks */ = {
			isa = PBXFrameworksBuildPhase;
			files = (
				2B5B92BF3006785700D5ED0F /* SignalingCore in Frameworks */,
				2B5B92C4300678F400D5ED0F /* FlyingFox in Frameworks */,
			);
		};
/* End PBXFrameworksBuildPhase section */

/* Begin PBXGroup section */
		000000000000000000000001 = {
			isa = PBXGroup;
			children = (
				2B5B92B6300677CD00D5ED0F /* ControlServer.swift */,
				2B5B92B7300677CD00D5ED0F /* ReceiverApp.swift */,
				2B5B92B8300677CD00D5ED0F /* SessionCoordinator.swift */,
				2B5B92A4300670D700D5ED0F /* SenderApp.swift */,
				000000000000000000000010 /* VGA */,
				2B5B92AC3006759200D5ED0F /* Receiver */,
				2B5B92BD3006785700D5ED0F /* Frameworks */,
				000000000000000000000020 /* Products */,
			);
			sourceTree = "<group>";
		};
		000000000000000000000020 /* Products */ = {
			isa = PBXGroup;
			children = (
				000000000000000000000120 /* Sender.app */,
				2B5B92AB3006759200D5ED0F /* Receiver.app */,
			);
			name = Products;
			sourceTree = "<group>";
		};
		2B5B92BD3006785700D5ED0F /* Frameworks */ = {
			isa = PBXGroup;
			children = (
			);
			name = Frameworks;
			sourceTree = "<group>";
		};
/* End PBXGroup section */

/* Begin PBXNativeTarget section */
		000000000000000100000000 /* Sender */ = {
			isa = PBXNativeTarget;
			buildConfigurationList = 000000000000000110000000 /* Build configuration list for PBXNativeTarget "Sender" */;
			buildPhases = (
				000000000000000120000000 /* Sources */,
				000000000000000130000000 /* Frameworks */,
				000000000000000140000000 /* Resources */,
			);
			buildRules = (
			);
			fileSystemSynchronizedGroups = (
				000000000000000000000010 /* VGA */,
			);
			name = Sender;
			packageProductDependencies = (
				2B5B92C03006785D00D5ED0F /* SignalingCore */,
			);
			productName = MyApp;
			productReference = 000000000000000000000120 /* Sender.app */;
			productType = "com.apple.product-type.application";
		};
		2B5B92AA3006759200D5ED0F /* Receiver */ = {
			isa = PBXNativeTarget;
			buildConfigurationList = 2B5B92B33006759300D5ED0F /* Build configuration list for PBXNativeTarget "Receiver" */;
			buildPhases = (
				2B5B92A73006759200D5ED0F /* Sources */,
				2B5B92A83006759200D5ED0F /* Frameworks */,
				2B5B92A93006759200D5ED0F /* Resources */,
			);
			buildRules = (
			);
			fileSystemSynchronizedGroups = (
				2B5B92AC3006759200D5ED0F /* Receiver */,
			);
			name = Receiver;
			packageProductDependencies = (
				2B5B92BE3006785700D5ED0F /* SignalingCore */,
				2B5B92C3300678F400D5ED0F /* FlyingFox */,
			);
			productName = Receiver;
			productReference = 2B5B92AB3006759200D5ED0F /* Receiver.app */;
			productType = "com.apple.product-type.application";
		};
/* End PBXNativeTarget section */

/* Begin PBXProject section */
		000000000000000000000000 /* Project object */ = {
			isa = PBXProject;
			attributes = {
				BuildIndependentTargetsInParallel = 1;
				LastSwiftUpdateCheck = 2700;
				LastUpgradeCheck = 2700;
				TargetAttributes = {
					000000000000000100000000 = {
						CreatedOnToolsVersion = 26.3;
						LastSwiftMigration = 2700;
					};
					2B5B92AA3006759200D5ED0F = {
						CreatedOnToolsVersion = 27.0;
						LastSwiftMigration = 2700;
					};
				};
			};
			buildConfigurationList = 000000000000000010000000 /* Build configuration list for PBXProject "VGA" */;
			developmentRegion = en;
			hasScannedForEncodings = 0;
			knownRegions = (
				en,
				Base,
			);
			mainGroup = 000000000000000000000001;
			minimizedProjectReferenceProxies = 1;
			packageReferences = (
				2B5B92BC3006783100D5ED0F /* XCLocalSwiftPackageReference "../../vga" */,
				2B5B92C2300678F400D5ED0F /* XCRemoteSwiftPackageReference "FlyingFox" */,
			);
			preferredProjectObjectVersion = 90;
			productRefGroup = 000000000000000000000020 /* Products */;
			projectDirPath = "";
			projectRoot = "";
			targets = (
				000000000000000100000000 /* Sender */,
				2B5B92AA3006759200D5ED0F /* Receiver */,
			);
		};
/* End PBXProject section */

/* Begin PBXResourcesBuildPhase section */
		000000000000000140000000 /* Resources */ = {
			isa = PBXResourcesBuildPhase;
			files = (
			);
		};
		2B5B92A93006759200D5ED0F /* Resources */ = {
			isa = PBXResourcesBuildPhase;
			files = (
			);
		};
/* End PBXResourcesBuildPhase section */

/* Begin PBXSourcesBuildPhase section */
		000000000000000120000000 /* Sources */ = {
			isa = PBXSourcesBuildPhase;
			files = (
				2B5B92A5300670D700D5ED0F /* SenderApp.swift in Sources */,
			);
		};
		2B5B92A73006759200D5ED0F /* Sources */ = {
			isa = PBXSourcesBuildPhase;
			files = (
				2B5B92B9300677CD00D5ED0F /* ControlServer.swift in Sources */,
				2B5B92BA300677CD00D5ED0F /* ReceiverApp.swift in Sources */,
				2B5B92BB300677CD00D5ED0F /* SessionCoordinator.swift in Sources */,
			);
		};
/* End PBXSourcesBuildPhase section */

/* Begin XCBuildConfiguration section */
		000000000000000011000000 /* Debug configuration for PBXProject "VGA" */ = {
			isa = XCBuildConfiguration;
			buildSettings = {
				ALWAYS_SEARCH_USER_PATHS = NO;
				APPLETVOS_DEPLOYMENT_TARGET = 27.0;
				ASSETCATALOG_COMPILER_GENERATE_SWIFT_ASSET_SYMBOL_EXTENSIONS = YES;
				CLANG_ANALYZER_NONNULL = YES;
				CLANG_ANALYZER_NUMBER_OBJECT_CONVERSION = YES_AGGRESSIVE;
				CLANG_CXX_LANGUAGE_STANDARD = "gnu++20";
				CLANG_ENABLE_MODULES = YES;
				CLANG_ENABLE_OBJC_ARC = YES;
				CLANG_ENABLE_OBJC_WEAK = YES;
				CLANG_WARN_BLOCK_CAPTURE_AUTORELEASING = YES;
				CLANG_WARN_BOOL_CONVERSION = YES;
				CLANG_WARN_COMMA = YES;
				CLANG_WARN_CONSTANT_CONVERSION = YES;
				CLANG_WARN_DEPRECATED_OBJC_IMPLEMENTATIONS = YES;
				CLANG_WARN_DIRECT_OBJC_ISA_USAGE = YES_ERROR;
				CLANG_WARN_DOCUMENTATION_COMMENTS = YES;
				CLANG_WARN_EMPTY_BODY = YES;
				CLANG_WARN_ENUM_CONVERSION = YES;
				CLANG_WARN_INFINITE_RECURSION = YES;
				CLANG_WARN_INT_CONVERSION = YES;
				CLANG_WARN_NON_LITERAL_NULL_CONVERSION = YES;
				CLANG_WARN_OBJC_IMPLICIT_RETAIN_SELF = YES;
				CLANG_WARN_OBJC_LITERAL_CONVERSION = YES;
				CLANG_WARN_OBJC_ROOT_CLASS = YES_ERROR;
				CLANG_WARN_QUOTED_INCLUDE_IN_FRAMEWORK_HEADER = YES;
				CLANG_WARN_RANGE_LOOP_ANALYSIS = YES;
				CLANG_WARN_STRICT_PROTOTYPES = YES;
				CLANG_WARN_SUSPICIOUS_MOVE = YES;
				CLANG_WARN_UNGUARDED_AVAILABILITY = YES_AGGRESSIVE;
				CLANG_WARN_UNREACHABLE_CODE = YES;
				CLANG_WARN__DUPLICATE_METHOD_MATCH = YES;
				COPY_PHASE_STRIP = NO;
				DEAD_CODE_STRIPPING = YES;
				DEBUG_INFORMATION_FORMAT = dwarf;
				DRIVERKIT_DEPLOYMENT_TARGET = 27.0;
				ENABLE_STRICT_OBJC_MSGSEND = YES;
				ENABLE_TESTABILITY = YES;
				ENABLE_USER_SCRIPT_SANDBOXING = YES;
				GCC_C_LANGUAGE_STANDARD = gnu17;
				GCC_DYNAMIC_NO_PIC = NO;
				GCC_NO_COMMON_BLOCKS = YES;
				GCC_OPTIMIZATION_LEVEL = 0;
				GCC_PREPROCESSOR_DEFINITIONS = (
					"DEBUG=1",
					"$(inherited)",
				);
				GCC_WARN_64_TO_32_BIT_CONVERSION = YES;
				GCC_WARN_ABOUT_RETURN_TYPE = YES_ERROR;
				GCC_WARN_UNDECLARED_SELECTOR = YES;
				GCC_WARN_UNINITIALIZED_AUTOS = YES_AGGRESSIVE;
				GCC_WARN_UNUSED_FUNCTION = YES;
				GCC_WARN_UNUSED_VARIABLE = YES;
				IPHONEOS_DEPLOYMENT_TARGET = 27.0;
				LOCALIZATION_PREFERS_STRING_CATALOGS = YES;
				MACOSX_DEPLOYMENT_TARGET = 27.0;
				MTL_ENABLE_DEBUG_INFO = INCLUDE_SOURCE;
				MTL_FAST_MATH = YES;
				ONLY_ACTIVE_ARCH = YES;
				PROJECT_UNIQUE_VALUE = MLLI8UWW;
				STRING_CATALOG_GENERATE_SYMBOLS = YES;
				SWIFT_ACTIVE_COMPILATION_CONDITIONS = "DEBUG $(inherited)";
				SWIFT_OPTIMIZATION_LEVEL = "-Onone";
				WATCHOS_DEPLOYMENT_TARGET = 27.0;
				XROS_DEPLOYMENT_TARGET = 27.0;
			};
			name = Debug;
		};
		000000000000000012000000 /* Release configuration for PBXProject "VGA" */ = {
			isa = XCBuildConfiguration;
			buildSettings = {
				ALWAYS_SEARCH_USER_PATHS = NO;
				APPLETVOS_DEPLOYMENT_TARGET = 27.0;
				ASSETCATALOG_COMPILER_GENERATE_SWIFT_ASSET_SYMBOL_EXTENSIONS = YES;
				CLANG_ANALYZER_NONNULL = YES;
				CLANG_ANALYZER_NUMBER_OBJECT_CONVERSION = YES_AGGRESSIVE;
				CLANG_CXX_LANGUAGE_STANDARD = "gnu++20";
				CLANG_ENABLE_MODULES = YES;
				CLANG_ENABLE_OBJC_ARC = YES;
				CLANG_ENABLE_OBJC_WEAK = YES;
				CLANG_WARN_BLOCK_CAPTURE_AUTORELEASING = YES;
				CLANG_WARN_BOOL_CONVERSION = YES;
				CLANG_WARN_COMMA = YES;
				CLANG_WARN_CONSTANT_CONVERSION = YES;
				CLANG_WARN_DEPRECATED_OBJC_IMPLEMENTATIONS = YES;
				CLANG_WARN_DIRECT_OBJC_ISA_USAGE = YES_ERROR;
				CLANG_WARN_DOCUMENTATION_COMMENTS = YES;
				CLANG_WARN_EMPTY_BODY = YES;
				CLANG_WARN_ENUM_CONVERSION = YES;
				CLANG_WARN_INFINITE_RECURSION = YES;
				CLANG_WARN_INT_CONVERSION = YES;
				CLANG_WARN_NON_LITERAL_NULL_CONVERSION = YES;
				CLANG_WARN_OBJC_IMPLICIT_RETAIN_SELF = YES;
				CLANG_WARN_OBJC_LITERAL_CONVERSION = YES;
				CLANG_WARN_OBJC_ROOT_CLASS = YES_ERROR;
				CLANG_WARN_QUOTED_INCLUDE_IN_FRAMEWORK_HEADER = YES;
				CLANG_WARN_RANGE_LOOP_ANALYSIS = YES;
				CLANG_WARN_STRICT_PROTOTYPES = YES;
				CLANG_WARN_SUSPICIOUS_MOVE = YES;
				CLANG_WARN_UNGUARDED_AVAILABILITY = YES_AGGRESSIVE;
				CLANG_WARN_UNREACHABLE_CODE = YES;
				CLANG_WARN__DUPLICATE_METHOD_MATCH = YES;
				COPY_PHASE_STRIP = NO;
				DEAD_CODE_STRIPPING = YES;
				DEBUG_INFORMATION_FORMAT = "dwarf-with-dsym";
				DRIVERKIT_DEPLOYMENT_TARGET = 27.0;
				ENABLE_NS_ASSERTIONS = NO;
				ENABLE_STRICT_OBJC_MSGSEND = YES;
				ENABLE_USER_SCRIPT_SANDBOXING = YES;
				GCC_C_LANGUAGE_STANDARD = gnu17;
				GCC_NO_COMMON_BLOCKS = YES;
				GCC_WARN_64_TO_32_BIT_CONVERSION = YES;
				GCC_WARN_ABOUT_RETURN_TYPE = YES_ERROR;
				GCC_WARN_UNDECLARED_SELECTOR = YES;
				GCC_WARN_UNINITIALIZED_AUTOS = YES_AGGRESSIVE;
				GCC_WARN_UNUSED_FUNCTION = YES;
				GCC_WARN_UNUSED_VARIABLE = YES;
				IPHONEOS_DEPLOYMENT_TARGET = 27.0;
				LOCALIZATION_PREFERS_STRING_CATALOGS = YES;
				MACOSX_DEPLOYMENT_TARGET = 27.0;
				MTL_ENABLE_DEBUG_INFO = NO;
				MTL_FAST_MATH = YES;
				PROJECT_UNIQUE_VALUE = MLLI8UWW;
				STRING_CATALOG_GENERATE_SYMBOLS = YES;
				SWIFT_COMPILATION_MODE = wholemodule;
				WATCHOS_DEPLOYMENT_TARGET = 27.0;
				XROS_DEPLOYMENT_TARGET = 27.0;
			};
			name = Release;
		};
		000000000000000111000000 /* Debug configuration for PBXNativeTarget "Sender" */ = {
			isa = XCBuildConfiguration;
			buildSettings = {
				CLANG_ENABLE_MODULES = YES;
				"CODE_SIGN_IDENTITY[sdk=macosx*]" = "Apple Development";
				CODE_SIGN_STYLE = Automatic;
				CURRENT_PROJECT_VERSION = 1;
				DEVELOPMENT_TEAM = 5D7367Q3PH;
				ENABLE_APP_SANDBOX = NO;
				ENABLE_PREVIEWS = YES;
				GENERATE_INFOPLIST_FILE = YES;
				INFOPLIST_KEY_LSApplicationCategoryType = "public.app-category.utilities";
				INFOPLIST_KEY_NSLocalNetworkUsageDescription = "Sender uses the local network to send video of your screen or descriptions of the videos to load";
				INFOPLIST_KEY_NSMicrophoneUsageDescription = "Sender sends the audio from this computer";
				"INFOPLIST_KEY_UIApplicationSceneManifest_Generation[sdk=iphoneos*]" = YES;
				"INFOPLIST_KEY_UIApplicationSceneManifest_Generation[sdk=iphonesimulator*]" = YES;
				"INFOPLIST_KEY_UIApplicationSupportsIndirectInputEvents[sdk=iphoneos*]" = YES;
				"INFOPLIST_KEY_UIApplicationSupportsIndirectInputEvents[sdk=iphonesimulator*]" = YES;
				"INFOPLIST_KEY_UILaunchScreen_Generation[sdk=iphoneos*]" = YES;
				"INFOPLIST_KEY_UILaunchScreen_Generation[sdk=iphonesimulator*]" = YES;
				"INFOPLIST_KEY_UIStatusBarStyle[sdk=iphoneos*]" = UIStatusBarStyleDefault;
				"INFOPLIST_KEY_UIStatusBarStyle[sdk=iphonesimulator*]" = UIStatusBarStyleDefault;
				INFOPLIST_KEY_UISupportedInterfaceOrientations_iPad = "UIInterfaceOrientationPortrait UIInterfaceOrientationPortraitUpsideDown UIInterfaceOrientationLandscapeLeft UIInterfaceOrientationLandscapeRight";
				INFOPLIST_KEY_UISupportedInterfaceOrientations_iPhone = "UIInterfaceOrientationPortrait UIInterfaceOrientationLandscapeLeft UIInterfaceOrientationLandscapeRight";
				LD_RUNPATH_SEARCH_PATHS = "@executable_path/Frameworks";
				"LD_RUNPATH_SEARCH_PATHS[sdk=macosx*]" = "@executable_path/../Frameworks";
				MACOSX_DEPLOYMENT_TARGET = 15.0;
				MARKETING_VERSION = 1.0;
				PRODUCT_BUNDLE_IDENTIFIER = com.wesleymoy.Sender;
				PRODUCT_NAME = "$(TARGET_NAME)";
				REGISTER_APP_GROUPS = YES;
				SDKROOT = auto;
				STRING_CATALOG_GENERATE_SYMBOLS = YES;
				SUPPORTED_PLATFORMS = macosx;
				SUPPORTS_MACCATALYST = NO;
				SWIFT_APPROACHABLE_CONCURRENCY = YES;
				SWIFT_DEFAULT_ACTOR_ISOLATION = MainActor;
				SWIFT_EMIT_LOC_STRINGS = YES;
				SWIFT_OPTIMIZATION_LEVEL = "-Onone";
				SWIFT_UPCOMING_FEATURE_MEMBER_IMPORT_VISIBILITY = YES;
				SWIFT_VERSION = 5.0;
			};
			name = Debug;
		};
		000000000000000112000000 /* Release configuration for PBXNativeTarget "Sender" */ = {
			isa = XCBuildConfiguration;
			buildSettings = {
				CLANG_ENABLE_MODULES = YES;
				"CODE_SIGN_IDENTITY[sdk=macosx*]" = "Apple Development";
				CODE_SIGN_STYLE = Automatic;
				CURRENT_PROJECT_VERSION = 1;
				DEVELOPMENT_TEAM = 5D7367Q3PH;
				ENABLE_APP_SANDBOX = NO;
				ENABLE_PREVIEWS = YES;
				GENERATE_INFOPLIST_FILE = YES;
				INFOPLIST_KEY_LSApplicationCategoryType = "public.app-category.utilities";
				INFOPLIST_KEY_NSLocalNetworkUsageDescription = "Sender uses the local network to send video of your screen or descriptions of the videos to load";
				INFOPLIST_KEY_NSMicrophoneUsageDescription = "Sender sends the audio from this computer";
				"INFOPLIST_KEY_UIApplicationSceneManifest_Generation[sdk=iphoneos*]" = YES;
				"INFOPLIST_KEY_UIApplicationSceneManifest_Generation[sdk=iphonesimulator*]" = YES;
				"INFOPLIST_KEY_UIApplicationSupportsIndirectInputEvents[sdk=iphoneos*]" = YES;
				"INFOPLIST_KEY_UIApplicationSupportsIndirectInputEvents[sdk=iphonesimulator*]" = YES;
				"INFOPLIST_KEY_UILaunchScreen_Generation[sdk=iphoneos*]" = YES;
				"INFOPLIST_KEY_UILaunchScreen_Generation[sdk=iphonesimulator*]" = YES;
				"INFOPLIST_KEY_UIStatusBarStyle[sdk=iphoneos*]" = UIStatusBarStyleDefault;
				"INFOPLIST_KEY_UIStatusBarStyle[sdk=iphonesimulator*]" = UIStatusBarStyleDefault;
				INFOPLIST_KEY_UISupportedInterfaceOrientations_iPad = "UIInterfaceOrientationPortrait UIInterfaceOrientationPortraitUpsideDown UIInterfaceOrientationLandscapeLeft UIInterfaceOrientationLandscapeRight";
				INFOPLIST_KEY_UISupportedInterfaceOrientations_iPhone = "UIInterfaceOrientationPortrait UIInterfaceOrientationLandscapeLeft UIInterfaceOrientationLandscapeRight";
				LD_RUNPATH_SEARCH_PATHS = "@executable_path/Frameworks";
				"LD_RUNPATH_SEARCH_PATHS[sdk=macosx*]" = "@executable_path/../Frameworks";
				MACOSX_DEPLOYMENT_TARGET = 15.0;
				MARKETING_VERSION = 1.0;
				PRODUCT_BUNDLE_IDENTIFIER = com.wesleymoy.Sender;
				PRODUCT_NAME = "$(TARGET_NAME)";
				REGISTER_APP_GROUPS = YES;
				SDKROOT = auto;
				STRING_CATALOG_GENERATE_SYMBOLS = YES;
				SUPPORTED_PLATFORMS = macosx;
				SUPPORTS_MACCATALYST = NO;
				SWIFT_APPROACHABLE_CONCURRENCY = YES;
				SWIFT_DEFAULT_ACTOR_ISOLATION = MainActor;
				SWIFT_EMIT_LOC_STRINGS = YES;
				SWIFT_UPCOMING_FEATURE_MEMBER_IMPORT_VISIBILITY = YES;
				SWIFT_VERSION = 5.0;
			};
			name = Release;
		};
		2B5B92B43006759300D5ED0F /* Debug configuration for PBXNativeTarget "Receiver" */ = {
			isa = XCBuildConfiguration;
			buildSettings = {
				ASSETCATALOG_COMPILER_APPICON_NAME = AppIcon;
				ASSETCATALOG_COMPILER_GLOBAL_ACCENT_COLOR_NAME = AccentColor;
				AUTOMATION_APPLE_EVENTS = NO;
				CLANG_ENABLE_MODULES = YES;
				"CODE_SIGN_IDENTITY[sdk=macosx*]" = "Apple Development";
				CODE_SIGN_STYLE = Automatic;
				COMBINE_HIDPI_IMAGES = YES;
				CURRENT_PROJECT_VERSION = 1;
				DEVELOPMENT_TEAM = 5D7367Q3PH;
				ENABLE_APP_SANDBOX = NO;
				ENABLE_HARDENED_RUNTIME = NO;
				ENABLE_PREVIEWS = YES;
				ENABLE_RESOURCE_ACCESS_AUDIO_INPUT = NO;
				ENABLE_RESOURCE_ACCESS_CALENDARS = NO;
				ENABLE_RESOURCE_ACCESS_CAMERA = NO;
				ENABLE_RESOURCE_ACCESS_CONTACTS = NO;
				ENABLE_RESOURCE_ACCESS_LOCATION = NO;
				ENABLE_RESOURCE_ACCESS_PHOTO_LIBRARY = NO;
				GENERATE_INFOPLIST_FILE = YES;
				INFOPLIST_KEY_LSApplicationCategoryType = "public.app-category.utilities";
				INFOPLIST_KEY_NSHumanReadableCopyright = "";
				INFOPLIST_KEY_NSLocalNetworkUsageDescription = "Receiver uses the local network to receive video of your screen or descriptions of the videos to load";
				LD_RUNPATH_SEARCH_PATHS = (
					"$(inherited)",
					"@executable_path/../Frameworks",
				);
				MACOSX_DEPLOYMENT_TARGET = 15.0;
				MARKETING_VERSION = 1.0;
				PRODUCT_BUNDLE_IDENTIFIER = com.wesleymoy.Receiver;
				PRODUCT_NAME = "$(TARGET_NAME)";
				REGISTER_APP_GROUPS = YES;
				RUNTIME_EXCEPTION_ALLOW_DYLD_ENVIRONMENT_VARIABLES = NO;
				RUNTIME_EXCEPTION_ALLOW_JIT = NO;
				RUNTIME_EXCEPTION_ALLOW_UNSIGNED_EXECUTABLE_MEMORY = NO;
				RUNTIME_EXCEPTION_DEBUGGING_TOOL = NO;
				RUNTIME_EXCEPTION_DISABLE_EXECUTABLE_PAGE_PROTECTION = NO;
				RUNTIME_EXCEPTION_DISABLE_LIBRARY_VALIDATION = NO;
				SDKROOT = macosx;
				STRING_CATALOG_GENERATE_SYMBOLS = YES;
				SWIFT_APPROACHABLE_CONCURRENCY = YES;
				SWIFT_DEFAULT_ACTOR_ISOLATION = MainActor;
				SWIFT_EMIT_LOC_STRINGS = YES;
				SWIFT_OPTIMIZATION_LEVEL = "-Onone";
				SWIFT_UPCOMING_FEATURE_MEMBER_IMPORT_VISIBILITY = YES;
				SWIFT_VERSION = 5.0;
			};
			name = Debug;
		};
		2B5B92B53006759300D5ED0F /* Release configuration for PBXNativeTarget "Receiver" */ = {
			isa = XCBuildConfiguration;
			buildSettings = {
				ASSETCATALOG_COMPILER_APPICON_NAME = AppIcon;
				ASSETCATALOG_COMPILER_GLOBAL_ACCENT_COLOR_NAME = AccentColor;
				AUTOMATION_APPLE_EVENTS = NO;
				CLANG_ENABLE_MODULES = YES;
				"CODE_SIGN_IDENTITY[sdk=macosx*]" = "Apple Development";
				CODE_SIGN_STYLE = Automatic;
				COMBINE_HIDPI_IMAGES = YES;
				CURRENT_PROJECT_VERSION = 1;
				DEVELOPMENT_TEAM = 5D7367Q3PH;
				ENABLE_APP_SANDBOX = NO;
				ENABLE_HARDENED_RUNTIME = NO;
				ENABLE_PREVIEWS = YES;
				ENABLE_RESOURCE_ACCESS_AUDIO_INPUT = NO;
				ENABLE_RESOURCE_ACCESS_CALENDARS = NO;
				ENABLE_RESOURCE_ACCESS_CAMERA = NO;
				ENABLE_RESOURCE_ACCESS_CONTACTS = NO;
				ENABLE_RESOURCE_ACCESS_LOCATION = NO;
				ENABLE_RESOURCE_ACCESS_PHOTO_LIBRARY = NO;
				GENERATE_INFOPLIST_FILE = YES;
				INFOPLIST_KEY_LSApplicationCategoryType = "public.app-category.utilities";
				INFOPLIST_KEY_NSHumanReadableCopyright = "";
				INFOPLIST_KEY_NSLocalNetworkUsageDescription = "Receiver uses the local network to receive video of your screen or descriptions of the videos to load";
				LD_RUNPATH_SEARCH_PATHS = (
					"$(inherited)",
					"@executable_path/../Frameworks",
				);
				MACOSX_DEPLOYMENT_TARGET = 15.0;
				MARKETING_VERSION = 1.0;
				PRODUCT_BUNDLE_IDENTIFIER = com.wesleymoy.Receiver;
				PRODUCT_NAME = "$(TARGET_NAME)";
				REGISTER_APP_GROUPS = YES;
				RUNTIME_EXCEPTION_ALLOW_DYLD_ENVIRONMENT_VARIABLES = NO;
				RUNTIME_EXCEPTION_ALLOW_JIT = NO;
				RUNTIME_EXCEPTION_ALLOW_UNSIGNED_EXECUTABLE_MEMORY = NO;
				RUNTIME_EXCEPTION_DEBUGGING_TOOL = NO;
				RUNTIME_EXCEPTION_DISABLE_EXECUTABLE_PAGE_PROTECTION = NO;
				RUNTIME_EXCEPTION_DISABLE_LIBRARY_VALIDATION = NO;
				SDKROOT = macosx;
				STRING_CATALOG_GENERATE_SYMBOLS = YES;
				SWIFT_APPROACHABLE_CONCURRENCY = YES;
				SWIFT_DEFAULT_ACTOR_ISOLATION = MainActor;
				SWIFT_EMIT_LOC_STRINGS = YES;
				SWIFT_UPCOMING_FEATURE_MEMBER_IMPORT_VISIBILITY = YES;
				SWIFT_VERSION = 5.0;
			};
			name = Release;
		};
/* End XCBuildConfiguration section */

/* Begin XCConfigurationList section */
		000000000000000010000000 /* Build configuration list for PBXProject "VGA" */ = {
			isa = XCConfigurationList;
			buildConfigurations = (
				000000000000000011000000 /* Debug configuration for PBXProject "VGA" */,
				000000000000000012000000 /* Release configuration for PBXProject "VGA" */,
			);
			defaultConfigurationName = Release;
		};
		000000000000000110000000 /* Build configuration list for PBXNativeTarget "Sender" */ = {
			isa = XCConfigurationList;
			buildConfigurations = (
				000000000000000111000000 /* Debug configuration for PBXNativeTarget "Sender" */,
				000000000000000112000000 /* Release configuration for PBXNativeTarget "Sender" */,
			);
			defaultConfigurationName = Release;
		};
		2B5B92B33006759300D5ED0F /* Build configuration list for PBXNativeTarget "Receiver" */ = {
			isa = XCConfigurationList;
			buildConfigurations = (
				2B5B92B43006759300D5ED0F /* Debug configuration for PBXNativeTarget "Receiver" */,
				2B5B92B53006759300D5ED0F /* Release configuration for PBXNativeTarget "Receiver" */,
			);
			defaultConfigurationName = Release;
		};
/* End XCConfigurationList section */

/* Begin XCLocalSwiftPackageReference section */
		2B5B92BC3006783100D5ED0F /* XCLocalSwiftPackageReference "../../vga" */ = {
			isa = XCLocalSwiftPackageReference;
			relativePath = ../../vga;
		};
/* End XCLocalSwiftPackageReference section */

/* Begin XCRemoteSwiftPackageReference section */
		2B5B92C2300678F400D5ED0F /* XCRemoteSwiftPackageReference "FlyingFox" */ = {
			isa = XCRemoteSwiftPackageReference;
			repositoryURL = "https://github.com/swhitty/FlyingFox.git";
			requirement = {
				kind = upToNextMajorVersion;
				minimumVersion = 0.27.0;
			};
		};
/* End XCRemoteSwiftPackageReference section */

/* Begin XCSwiftPackageProductDependency section */
		2B5B92BE3006785700D5ED0F /* SignalingCore */ = {
			isa = XCSwiftPackageProductDependency;
			package = 2B5B92BC3006783100D5ED0F /* XCLocalSwiftPackageReference "../../vga" */;
			productName = SignalingCore;
		};
		2B5B92C03006785D00D5ED0F /* SignalingCore */ = {
			isa = XCSwiftPackageProductDependency;
			package = 2B5B92BC3006783100D5ED0F /* XCLocalSwiftPackageReference "../../vga" */;
			productName = SignalingCore;
		};
		2B5B92C3300678F400D5ED0F /* FlyingFox */ = {
			isa = XCSwiftPackageProductDependency;
			package = 2B5B92C2300678F400D5ED0F /* XCRemoteSwiftPackageReference "FlyingFox" */;
			productName = FlyingFox;
		};
/* End XCSwiftPackageProductDependency section */
	};
	rootObject = 000000000000000000000000 /* Project object */;
}
