{
  "originHash" : "367187c87d4a4c5fbd66a3cfe092b4c6e91ee52fdff8da6e8e80ba2d7d2208db",
  "pins" : [
    {
      "identity" : "receiver-protocol",
      "kind" : "remoteSourceControl",
      "location" : "git@github.com:wesleym/receiver-protocol.git",
      "state" : {
        "revision" : "5512acf8fcfde31e57503b582f635de05c3f92d4",
        "version" : "1.0.0-rc.1"
      }
    },
    {
      "identity" : "webrtc",
      "kind" : "remoteSourceControl",
      "location" : "https://github.com/stasel/WebRTC",
      "state" : {
        "revision" : "6ed87f05368632f71dc95c89c14c051561710925",
        "version" : "150.0.0"
      }
    }
  ],
  "version" : 3
}
