{
  "originHash" : "4ca240374dd38c6def8485c1f204d5a5fb6ebf4ef737b366f8b9b55b0c11f420",
  "pins" : [
    {
      "identity" : "flyingfox",
      "kind" : "remoteSourceControl",
      "location" : "https://github.com/swhitty/FlyingFox.git",
      "state" : {
        "revision" : "d06fd45653bcab9803af31d66440f552c9dd9c93",
        "version" : "0.27.0"
      }
    }
  ],
  "version" : 3
}
